
Microsoft Visual Studio Solution File, Format Version 12.00
# Visual Studio Version 17
VisualStudioVersion = 17.2.32616.157
MinimumVisualStudioVersion = 10.0.40219.1
Project("{9A19103F-16F7-4668-BE54-9A1E7A4F7556}") = "KasaAPP", "KasaAPP.csproj", "{8E91CCB6-58A2-444E-B3F4-350687AF47CA}"
EndProject
Project("{FAE04EC0-301F-11D3-BF4B-00C04F79EFBC}") = "Domain", "..\Domain\Domain.csproj", "{B3714688-41CB-4C3E-B3E6-AB092AB633DD}"
EndProject
Project("{FAE04EC0-301F-11D3-BF4B-00C04F79EFBC}") = "Implementation", "..\Implementation\Implementation.csproj", "{0D680274-CE83-4FF4-B0F6-3D07084B30C8}"
EndProject
Project("{FAE04EC0-301F-11D3-BF4B-00C04F79EFBC}") = "DataAccess", "..\DataAccess\DataAccess.csproj", "{30551279-34DC-44E8-9D62-2B2890CF0C14}"
EndProject
Project("{FAE04EC0-301F-11D3-BF4B-00C04F79EFBC}") = "Application", "..\Application\Application.csproj", "{B774B38F-86FF-4186-B7D8-D289013D89DF}"
EndProject
Global
	GlobalSection(SolutionConfigurationPlatforms) = preSolution
		Debug|Any CPU = Debug|Any CPU
		Release|Any CPU = Release|Any CPU
	EndGlobalSection
	GlobalSection(ProjectConfigurationPlatforms) = postSolution
		{8E91CCB6-58A2-444E-B3F4-350687AF47CA}.Debug|Any CPU.ActiveCfg = Debug|Any CPU
		{8E91CCB6-58A2-444E-B3F4-350687AF47CA}.Debug|Any CPU.Build.0 = Debug|Any CPU
		{8E91CCB6-58A2-444E-B3F4-350687AF47CA}.Release|Any CPU.ActiveCfg = Release|Any CPU
		{8E91CCB6-58A2-444E-B3F4-350687AF47CA}.Release|Any CPU.Build.0 = Release|Any CPU
		{B3714688-41CB-4C3E-B3E6-AB092AB633DD}.Debug|Any CPU.ActiveCfg = Debug|Any CPU
		{B3714688-41CB-4C3E-B3E6-AB092AB633DD}.Debug|Any CPU.Build.0 = Debug|Any CPU
		{B3714688-41CB-4C3E-B3E6-AB092AB633DD}.Release|Any CPU.ActiveCfg = Release|Any CPU
		{B3714688-41CB-4C3E-B3E6-AB092AB633DD}.Release|Any CPU.Build.0 = Release|Any CPU
		{0D680274-CE83-4FF4-B0F6-3D07084B30C8}.Debug|Any CPU.ActiveCfg = Debug|Any CPU
		{0D680274-CE83-4FF4-B0F6-3D07084B30C8}.Debug|Any CPU.Build.0 = Debug|Any CPU
		{0D680274-CE83-4FF4-B0F6-3D07084B30C8}.Release|Any CPU.ActiveCfg = Release|Any CPU
		{0D680274-CE83-4FF4-B0F6-3D07084B30C8}.Release|Any CPU.Build.0 = Release|Any CPU
		{30551279-34DC-44E8-9D62-2B2890CF0C14}.Debug|Any CPU.ActiveCfg = Debug|Any CPU
		{30551279-34DC-44E8-9D62-2B2890CF0C14}.Debug|Any CPU.Build.0 = Debug|Any CPU
		{30551279-34DC-44E8-9D62-2B2890CF0C14}.Release|Any CPU.ActiveCfg = Release|Any CPU
		{30551279-34DC-44E8-9D62-2B2890CF0C14}.Release|Any CPU.Build.0 = Release|Any CPU
		{B774B38F-86FF-4186-B7D8-D289013D89DF}.Debug|Any CPU.ActiveCfg = Debug|Any CPU
		{B774B38F-86FF-4186-B7D8-D289013D89DF}.Debug|Any CPU.Build.0 = Debug|Any CPU
		{B774B38F-86FF-4186-B7D8-D289013D89DF}.Release|Any CPU.ActiveCfg = Release|Any CPU
		{B774B38F-86FF-4186-B7D8-D289013D89DF}.Release|Any CPU.Build.0 = Release|Any CPU
	EndGlobalSection
	GlobalSection(SolutionProperties) = preSolution
		HideSolutionNode = FALSE
	EndGlobalSection
	GlobalSection(ExtensibilityGlobals) = postSolution
		SolutionGuid = {0C841095-FF65-40C6-A73F-24D530E3B91A}
	EndGlobalSection
EndGlobal
